
Microsoft Visual Studio Solution File, Format Version 12.00
# Visual Studio Version 17
VisualStudioVersion = 17.8.34316.72
MinimumVisualStudioVersion = 10.0.40219.1
Project("{FAE04EC0-301F-11D3-BF4B-00C04F79EFBC}") = "MaiMed.CRM", "MaiMed.CRM\MaiMed.CRM.csproj", "{C14C2FCD-F431-404D-9B14-2719160E0E5E}"
EndProject
Global
	GlobalSection(SolutionConfigurationPlatforms) = preSolution
		Debug|Any CPU = Debug|Any CPU
		Release|Any CPU = Release|Any CPU
	EndGlobalSection
	GlobalSection(ProjectConfigurationPlatforms) = postSolution
		{C14C2FCD-F431-404D-9B14-2719160E0E5E}.Debug|Any CPU.ActiveCfg = Debug|Any CPU
		{C14C2FCD-F431-404D-9B14-2719160E0E5E}.Debug|Any CPU.Build.0 = Debug|Any CPU
		{C14C2FCD-F431-404D-9B14-2719160E0E5E}.Release|Any CPU.ActiveCfg = Release|Any CPU
		{C14C2FCD-F431-404D-9B14-2719160E0E5E}.Release|Any CPU.Build.0 = Release|Any CPU
	EndGlobalSection
	GlobalSection(SolutionProperties) = preSolution
		HideSolutionNode = FALSE
	EndGlobalSection
	GlobalSection(ExtensibilityGlobals) = postSolution
		SolutionGuid = {66CDA40A-DBD6-41C5-9D8D-2402606D086B}
	EndGlobalSection
EndGlobal
